Microsoft Visual Studio Solution File, Format Version 12.00
# Visual Studio Version 17
VisualStudioVersion = 17.0.31903.59
MinimumVisualStudioVersion = 10.0.40219.1
Project("{FAE04EC0-301F-11D3-BF4B-00C04F79EFBC}") = "LogoErp.Reference.Core", "src\LogoErp.Reference.Core\LogoErp.Reference.Core.csproj", "{A3DC6A92-980D-4D2C-B98A-3BA3F53B1352}"
EndProject
Project("{FAE04EC0-301F-11D3-BF4B-00C04F79EFBC}") = "LogoErp.Reference.Infrastructure", "src\LogoErp.Reference.Infrastructure\LogoErp.Reference.Infrastructure.csproj", "{23D85AF0-1EE5-4C36-81CB-A2F10F5A5352}"
EndProject
Project("{FAE04EC0-301F-11D3-BF4B-00C04F79EFBC}") = "LogoErp.Reference.IntegrationTests", "tests\LogoErp.Reference.IntegrationTests\LogoErp.Reference.IntegrationTests.csproj", "{5B0E4A34-CF77-4E8B-B519-55D6759E3EEB}"
EndProject
Global
    GlobalSection(SolutionConfigurationPlatforms) = preSolution
        Debug|Any CPU = Debug|Any CPU
        Release|Any CPU = Release|Any CPU
    EndGlobalSection
    GlobalSection(ProjectConfigurationPlatforms) = postSolution
        {A3DC6A92-980D-4D2C-B98A-3BA3F53B1352}.Debug|Any CPU.ActiveCfg = Debug|Any CPU
        {A3DC6A92-980D-4D2C-B98A-3BA3F53B1352}.Debug|Any CPU.Build.0 = Debug|Any CPU
        {A3DC6A92-980D-4D2C-B98A-3BA3F53B1352}.Release|Any CPU.ActiveCfg = Release|Any CPU
        {A3DC6A92-980D-4D2C-B98A-3BA3F53B1352}.Release|Any CPU.Build.0 = Release|Any CPU
        {23D85AF0-1EE5-4C36-81CB-A2F10F5A5352}.Debug|Any CPU.ActiveCfg = Debug|Any CPU
        {23D85AF0-1EE5-4C36-81CB-A2F10F5A5352}.Debug|Any CPU.Build.0 = Debug|Any CPU
        {23D85AF0-1EE5-4C36-81CB-A2F10F5A5352}.Release|Any CPU.ActiveCfg = Release|Any CPU
        {23D85AF0-1EE5-4C36-81CB-A2F10F5A5352}.Release|Any CPU.Build.0 = Release|Any CPU
        {5B0E4A34-CF77-4E8B-B519-55D6759E3EEB}.Debug|Any CPU.ActiveCfg = Debug|Any CPU
        {5B0E4A34-CF77-4E8B-B519-55D6759E3EEB}.Debug|Any CPU.Build.0 = Debug|Any CPU
        {5B0E4A34-CF77-4E8B-B519-55D6759E3EEB}.Release|Any CPU.ActiveCfg = Release|Any CPU
        {5B0E4A34-CF77-4E8B-B519-55D6759E3EEB}.Release|Any CPU.Build.0 = Release|Any CPU
    EndGlobalSection
EndGlobal
